
Microsoft Visual Studio Solution File, Format Version 12.00
# Visual Studio Version 17
VisualStudioVersion = 17.9.34728.123
MinimumVisualStudioVersion = 10.0.40219.1
Project("{FAE04EC0-301F-11D3-BF4B-00C04F79EFBC}") = "DevFreela.API", "DevFreela.API\DevFreela.API.csproj", "{C0AFEA73-BF00-414C-B69A-28D8204C742B}"
EndProject
Global
	GlobalSection(SolutionConfigurationPlatforms) = preSolution
		Debug|Any CPU = Debug|Any CPU
		Release|Any CPU = Release|Any CPU
	EndGlobalSection
	GlobalSection(ProjectConfigurationPlatforms) = postSolution
		{C0AFEA73-BF00-414C-B69A-28D8204C742B}.Debug|Any CPU.ActiveCfg = Debug|Any CPU
		{C0AFEA73-BF00-414C-B69A-28D8204C742B}.Debug|Any CPU.Build.0 = Debug|Any CPU
		{C0AFEA73-BF00-414C-B69A-28D8204C742B}.Release|Any CPU.ActiveCfg = Release|Any CPU
		{C0AFEA73-BF00-414C-B69A-28D8204C742B}.Release|Any CPU.Build.0 = Release|Any CPU
	EndGlobalSection
	GlobalSection(SolutionProperties) = preSolution
		HideSolutionNode = FALSE
	EndGlobalSection
	GlobalSection(ExtensibilityGlobals) = postSolution
		SolutionGuid = {6C4416B5-A96F-4634-B5C3-4CF4801FCFB3}
	EndGlobalSection
EndGlobal
